dependencies:
  espressif/esp_tinyusb:
    dependencies:
    - name: idf
      version: '>=5.0'
    - name: espressif/tinyusb
      public: true
      version: '>=0.17.0~2'
    source:
      path: C:\Scanner ESP Gateway\.worktrees\reliability\components\esp_tinyusb
      type: local
    targets:
    - esp32s2
    - esp32s3
    - esp32p4
    - esp32h4
    - esp32s31
    version: 2.3.0
  espressif/led_strip:
    dependencies:
    - name: idf
      version: '>=5.0'
    source:
      path: C:\Scanner ESP Gateway\.worktrees\reliability\components\led_strip
      type: local
    version: 3.0.3
  espressif/tinyusb:
    component_hash: 16c8d774dab1f484d3e0c0f61105624d2424bbae864efd19818baf7b451b41e7
    dependencies:
    - name: idf
      require: private
      version: '>=5.0'
    source:
      registry_url: https://components.espressif.com/
      type: service
    targets:
    - esp32s2
    - esp32s3
    - esp32p4
    - esp32h4
    - esp32s31
    version: 0.21.0~2
  idf:
    source:
      type: idf
    version: 5.5.5
direct_dependencies:
- espressif/esp_tinyusb
- espressif/led_strip
- espressif/tinyusb
- idf
manifest_hash: 340c2c7a54e1b5e7acf520318b95e0d527dbbc67bcc5b2e36d962243ad172975
target: esp32s3
version: 2.0.0
